// !$*UTF8*$!
{
	archiveVersion = 1;
	classes = {
	};
	objectVersion = 50;
	objects = {

/* Begin PBXBuildFile section */
		E152978B24009C5900864377 /* AppDelegate.swift in Sources */ = {isa = PBXBuildFile; fileRef = E152978A24009C5900864377 /* AppDelegate.swift */; };
		E152978D24009C5900864377 /* SceneDelegate.swift in Sources */ = {isa = PBXBuildFile; fileRef = E152978C24009C5900864377 /* SceneDelegate.swift */; };
		E152978F24009C5900864377 /* ContentView.swift in Sources */ = {isa = PBXBuildFile; fileRef = E152978E24009C5900864377 /* ContentView.swift */; };
		E152979124009C5A00864377 /* Assets.xcassets in Resources */ = {isa = PBXBuildFile; fileRef = E152979024009C5A00864377 /* Assets.xcassets */; };
		E152979424009C5A00864377 /* Preview Assets.xcassets in Resources */ = {isa = PBXBuildFile; fileRef = E152979324009C5A00864377 /* Preview Assets.xcassets */; };
		E152979724009C5A00864377 /* LaunchScreen.storyboard in Resources */ = {isa = PBXBuildFile; fileRef = E152979524009C5A00864377 /* LaunchScreen.storyboard */; };
		E15297A02400B0D500864377 /* EmailView.swift in Sources */ = {isa = PBXBuildFile; fileRef = E152979F2400B0D500864377 /* EmailView.swift */; };
		E1F901F92400E00E004C8E51 /* StylizedButton.swift in Sources */ = {isa = PBXBuildFile; fileRef = E1F901F82400E00E004C8E51 /* StylizedButton.swift */; };
		E1F901FB2400E246004C8E51 /* TitleText.swift in Sources */ = {isa = PBXBuildFile; fileRef = E1F901FA2400E246004C8E51 /* TitleText.swift */; };
		E1F901FD2400E65E004C8E51 /* GroupsListView.swift in Sources */ = {isa = PBXBuildFile; fileRef = E1F901FC2400E65E004C8E51 /* GroupsListView.swift */; };
		E1F901FF2400F0FD004C8E51 /* StylizedButton2.swift in Sources */ = {isa = PBXBuildFile; fileRef = E1F901FE2400F0FD004C8E51 /* StylizedButton2.swift */; };
/* End PBXBuildFile section */

/* Begin PBXFileReference section */
		E152978724009C5900864377 /* Watch Party.app */ = {isa = PBXFileReference; explicitFileType = wrapper.application; includeInIndex = 0; path = "Watch Party.app"; sourceTree = BUILT_PRODUCTS_DIR; };
		E152978A24009C5900864377 /* AppDelegate.swift */ = {isa = PBXFileReference; lastKnownFileType = sourcecode.swift; path = AppDelegate.swift; sourceTree = "<group>"; };
		E152978C24009C5900864377 /* SceneDelegate.swift */ = {isa = PBXFileReference; lastKnownFileType = sourcecode.swift; path = SceneDelegate.swift; sourceTree = "<group>"; };
		E152978E24009C5900864377 /* ContentView.swift */ = {isa = PBXFileReference; lastKnownFileType = sourcecode.swift; path = ContentView.swift; sourceTree = "<group>"; };
		E152979024009C5A00864377 /* Assets.xcassets */ = {isa = PBXFileReference; lastKnownFileType = folder.assetcatalog; path = Assets.xcassets; sourceTree = "<group>"; };
		E152979324009C5A00864377 /* Preview Assets.xcassets */ = {isa = PBXFileReference; lastKnownFileType = folder.assetcatalog; path = "Preview Assets.xcassets"; sourceTree = "<group>"; };
		E152979624009C5A00864377 /* Base */ = {isa = PBXFileReference; lastKnownFileType = file.storyboard; name = Base; path = Base.lproj/LaunchScreen.storyboard; sourceTree = "<group>"; };
		E152979824009C5A00864377 /* Info.plist */ = {isa = PBXFileReference; lastKnownFileType = text.plist.xml; path = Info.plist; sourceTree = "<group>"; };
		E152979F2400B0D500864377 /* EmailView.swift */ = {isa = PBXFileReference; lastKnownFileType = sourcecode.swift; path = EmailView.swift; sourceTree = "<group>"; };
		E1F901F82400E00E004C8E51 /* StylizedButton.swift */ = {isa = PBXFileReference; lastKnownFileType = sourcecode.swift; path = StylizedButton.swift; sourceTree = SOURCE_ROOT; };
		E1F901FA2400E246004C8E51 /* TitleText.swift */ = {isa = PBXFileReference; lastKnownFileType = sourcecode.swift; path = TitleText.swift; sourceTree = "<group>"; };
		E1F901FC2400E65E004C8E51 /* GroupsListView.swift */ = {isa = PBXFileReference; lastKnownFileType = sourcecode.swift; path = GroupsListView.swift; sourceTree = "<group>"; };
		E1F901FE2400F0FD004C8E51 /* StylizedButton2.swift */ = {isa = PBXFileReference; lastKnownFileType = sourcecode.swift; path = StylizedButton2.swift; sourceTree = "<group>"; };
/* End PBXFileReference section */

/* Begin PBXFrameworksBuildPhase section */
		E152978424009C5900864377 /* Frameworks */ = {
			isa = PBXFrameworksBuildPhase;
			buildActionMask = 2147483647;
			files = (
			);
			runOnlyForDeploymentPostprocessing = 0;
		};
/* End PBXFrameworksBuildPhase section */

/* Begin PBXGroup section */
		E152977E24009C5900864377 = {
			isa = PBXGroup;
			children = (
				E152978924009C5900864377 /* Watch Party */,
				E152978824009C5900864377 /* Products */,
			);
			sourceTree = "<group>";
		};
		E152978824009C5900864377 /* Products */ = {
			isa = PBXGroup;
			children = (
				E152978724009C5900864377 /* Watch Party.app */,
			);
			name = Products;
			sourceTree = "<group>";
		};
		E152978924009C5900864377 /* Watch Party */ = {
			isa = PBXGroup;
			children = (
				E152978A24009C5900864377 /* AppDelegate.swift */,
				E152978C24009C5900864377 /* SceneDelegate.swift */,
				E152979E2400B0BA00864377 /* Views */,
				E152979024009C5A00864377 /* Assets.xcassets */,
				E152979524009C5A00864377 /* LaunchScreen.storyboard */,
				E152979824009C5A00864377 /* Info.plist */,
				E152979224009C5A00864377 /* Preview Content */,
			);
			path = "Watch Party";
			sourceTree = "<group>";
		};
		E152979224009C5A00864377 /* Preview Content */ = {
			isa = PBXGroup;
			children = (
				E152979324009C5A00864377 /* Preview Assets.xcassets */,
			);
			path = "Preview Content";
			sourceTree = "<group>";
		};
		E152979E2400B0BA00864377 /* Views */ = {
			isa = PBXGroup;
			children = (
				E152978E24009C5900864377 /* ContentView.swift */,
				E152979F2400B0D500864377 /* EmailView.swift */,
				E1F901FC2400E65E004C8E51 /* GroupsListView.swift */,
				E1F901F82400E00E004C8E51 /* StylizedButton.swift */,
				E1F901FE2400F0FD004C8E51 /* StylizedButton2.swift */,
				E1F901FA2400E246004C8E51 /* TitleText.swift */,
			);
			path = Views;
			sourceTree = "<group>";
		};
/* End PBXGroup section */

/* Begin PBXNativeTarget section */
		E152978624009C5900864377 /* Watch Party */ = {
			isa = PBXNativeTarget;
			buildConfigurationList = E152979B24009C5A00864377 /* Build configuration list for PBXNativeTarget "Watch Party" */;
			buildPhases = (
				E152978324009C5900864377 /* Sources */,
				E152978424009C5900864377 /* Frameworks */,
				E152978524009C5900864377 /* Resources */,
			);
			buildRules = (
			);
			dependencies = (
			);
			name = "Watch Party";
			productName = "Watch Party";
			productReference = E152978724009C5900864377 /* Watch Party.app */;
			productType = "com.apple.product-type.application";
		};
/* End PBXNativeTarget section */

/* Begin PBXProject section */
		E152977F24009C5900864377 /* Project object */ = {
			isa = PBXProject;
			attributes = {
				LastSwiftUpdateCheck = 1130;
				LastUpgradeCheck = 1130;
				ORGANIZATIONNAME = "Eric Bates";
				TargetAttributes = {
					E152978624009C5900864377 = {
						CreatedOnToolsVersion = 11.3.1;
					};
				};
			};
			buildConfigurationList = E152978224009C5900864377 /* Build configuration list for PBXProject "Watch Party" */;
			compatibilityVersion = "Xcode 9.3";
			developmentRegion = en;
			hasScannedForEncodings = 0;
			knownRegions = (
				en,
				Base,
			);
			mainGroup = E152977E24009C5900864377;
			productRefGroup = E152978824009C5900864377 /* Products */;
			projectDirPath = "";
			projectRoot = "";
			targets = (
				E152978624009C5900864377 /* Watch Party */,
			);
		};
/* End PBXProject section */

/* Begin PBXResourcesBuildPhase section */
		E152978524009C5900864377 /* Resources */ = {
			isa = PBXResourcesBuildPhase;
			buildActionMask = 2147483647;
			files = (
				E152979724009C5A00864377 /* LaunchScreen.storyboard in Resources */,
				E152979424009C5A00864377 /* Preview Assets.xcassets in Resources */,
				E152979124009C5A00864377 /* Assets.xcassets in Resources */,
			);
			runOnlyForDeploymentPostprocessing = 0;
		};
/* End PBXResourcesBuildPhase section */

/* Begin PBXSourcesBuildPhase section */
		E152978324009C5900864377 /* Sources */ = {
			isa = PBXSourcesBuildPhase;
			buildActionMask = 2147483647;
			files = (
				E1F901F92400E00E004C8E51 /* StylizedButton.swift in Sources */,
				E1F901FB2400E246004C8E51 /* TitleText.swift in Sources */,
				E1F901FD2400E65E004C8E51 /* GroupsListView.swift in Sources */,
				E152978B24009C5900864377 /* AppDelegate.swift in Sources */,
				E15297A02400B0D500864377 /* EmailView.swift in Sources */,
				E152978D24009C5900864377 /* SceneDelegate.swift in Sources */,
				E1F901FF2400F0FD004C8E51 /* StylizedButton2.swift in Sources */,
				E152978F24009C5900864377 /* ContentView.swift in Sources */,
			);
			runOnlyForDeploymentPostprocessing = 0;
		};
/* End PBXSourcesBuildPhase section */

/* Begin PBXVariantGroup section */
		E152979524009C5A00864377 /* LaunchScreen.storyboard */ = {
			isa = PBXVariantGroup;
			children = (
				E152979624009C5A00864377 /* Base */,
			);
			name = LaunchScreen.storyboard;
			sourceTree = "<group>";
		};
/* End PBXVariantGroup section */

/* Begin XCBuildConfiguration section */
		E152979924009C5A00864377 /* Debug */ = {
			isa = XCBuildConfiguration;
			buildSettings = {
				ALWAYS_SEARCH_USER_PATHS = NO;
				CLANG_ANALYZER_NONNULL = YES;
				CLANG_ANALYZER_NUMBER_OBJECT_CONVERSION = YES_AGGRESSIVE;
				CLANG_CXX_LANGUAGE_STANDARD = "gnu++14";
				CLANG_CXX_LIBRARY = "libc++";
				CLANG_ENABLE_MODULES = YES;
				CLANG_ENABLE_OBJC_ARC = YES;
				CLANG_ENABLE_OBJC_WEAK = YES;
				CLANG_WARN_BLOCK_CAPTURE_AUTORELEASING = YES;
				CLANG_WARN_BOOL_CONVERSION = YES;
				CLANG_WARN_COMMA = YES;
				CLANG_WARN_CONSTANT_CONVERSION = YES;
				CLANG_WARN_DEPRECATED_OBJC_IMPLEMENTATIONS = YES;
				CLANG_WARN_DIRECT_OBJC_ISA_USAGE = YES_ERROR;
				CLANG_WARN_DOCUMENTATION_COMMENTS = YES;
				CLANG_WARN_EMPTY_BODY = YES;
				CLANG_WARN_ENUM_CONVERSION = YES;
				CLANG_WARN_INFINITE_RECURSION = YES;
				CLANG_WARN_INT_CONVERSION = YES;
				CLANG_WARN_NON_LITERAL_NULL_CONVERSION = YES;
				CLANG_WARN_OBJC_IMPLICIT_RETAIN_SELF = YES;
				CLANG_WARN_OBJC_LITERAL_CONVERSION = YES;
				CLANG_WARN_OBJC_ROOT_CLASS = YES_ERROR;
				CLANG_WARN_RANGE_LOOP_ANALYSIS = YES;
				CLANG_WARN_STRICT_PROTOTYPES = YES;
				CLANG_WARN_SUSPICIOUS_MOVE = YES;
				CLANG_WARN_UNGUARDED_AVAILABILITY = YES_AGGRESSIVE;
				CLANG_WARN_UNREACHABLE_CODE = YES;
				CLANG_WARN__DUPLICATE_METHOD_MATCH = YES;
				COPY_PHASE_STRIP = NO;
				DEBUG_INFORMATION_FORMAT = dwarf;
				ENABLE_STRICT_OBJC_MSGSEND = YES;
				ENABLE_TESTABILITY = YES;
				GCC_C_LANGUAGE_STANDARD = gnu11;
				GCC_DYNAMIC_NO_PIC = NO;
				GCC_NO_COMMON_BLOCKS = YES;
				GCC_OPTIMIZATION_LEVEL = 0;
				GCC_PREPROCESSOR_DEFINITIONS = (
					"DEBUG=1",
					"$(inherited)",
				);
				GCC_WARN_64_TO_32_BIT_CONVERSION = YES;
				GCC_WARN_ABOUT_RETURN_TYPE = YES_ERROR;
				GCC_WARN_UNDECLARED_SELECTOR = YES;
				GCC_WARN_UNINITIALIZED_AUTOS = YES_AGGRESSIVE;
				GCC_WARN_UNUSED_FUNCTION = YES;
				GCC_WARN_UNUSED_VARIABLE = YES;
				IPHONEOS_DEPLOYMENT_TARGET = 13.2;
				MTL_ENABLE_DEBUG_INFO = INCLUDE_SOURCE;
				MTL_FAST_MATH = YES;
				ONLY_ACTIVE_ARCH = YES;
				SDKROOT = iphoneos;
				SWIFT_ACTIVE_COMPILATION_CONDITIONS = DEBUG;
				SWIFT_OPTIMIZATION_LEVEL = "-Onone";
			};
			name = Debug;
		};
		E152979A24009C5A00864377 /* Release */ = {
			isa = XCBuildConfiguration;
			buildSettings = {
				ALWAYS_SEARCH_USER_PATHS = NO;
				CLANG_ANALYZER_NONNULL = YES;
				CLANG_ANALYZER_NUMBER_OBJECT_CONVERSION = YES_AGGRESSIVE;
				CLANG_CXX_LANGUAGE_STANDARD = "gnu++14";
				CLANG_CXX_LIBRARY = "libc++";
				CLANG_ENABLE_MODULES = YES;
				CLANG_ENABLE_OBJC_ARC = YES;
				CLANG_ENABLE_OBJC_WEAK = YES;
				CLANG_WARN_BLOCK_CAPTURE_AUTORELEASING = YES;
				CLANG_WARN_BOOL_CONVERSION = YES;
				CLANG_WARN_COMMA = YES;
				CLANG_WARN_CONSTANT_CONVERSION = YES;
				CLANG_WARN_DEPRECATED_OBJC_IMPLEMENTATIONS = YES;
				CLANG_WARN_DIRECT_OBJC_ISA_USAGE = YES_ERROR;
				CLANG_WARN_DOCUMENTATION_COMMENTS = YES;
				CLANG_WARN_EMPTY_BODY = YES;
				CLANG_WARN_ENUM_CONVERSION = YES;
				CLANG_WARN_INFINITE_RECURSION = YES;
				CLANG_WARN_INT_CONVERSION = YES;
				CLANG_WARN_NON_LITERAL_NULL_CONVERSION = YES;
				CLANG_WARN_OBJC_IMPLICIT_RETAIN_SELF = YES;
				CLANG_WARN_OBJC_LITERAL_CONVERSION = YES;
				CLANG_WARN_OBJC_ROOT_CLASS = YES_ERROR;
				CLANG_WARN_RANGE_LOOP_ANALYSIS = YES;
				CLANG_WARN_STRICT_PROTOTYPES = YES;
				CLANG_WARN_SUSPICIOUS_MOVE = YES;
				CLANG_WARN_UNGUARDED_AVAILABILITY = YES_AGGRESSIVE;
				CLANG_WARN_UNREACHABLE_CODE = YES;
				CLANG_WARN__DUPLICATE_METHOD_MATCH = YES;
				COPY_PHASE_STRIP = NO;
				DEBUG_INFORMATION_FORMAT = "dwarf-with-dsym";
				ENABLE_NS_ASSERTIONS = NO;
				ENABLE_STRICT_OBJC_MSGSEND = YES;
				GCC_C_LANGUAGE_STANDARD = gnu11;
				GCC_NO_COMMON_BLOCKS = YES;
				GCC_WARN_64_TO_32_BIT_CONVERSION = YES;
				GCC_WARN_ABOUT_RETURN_TYPE = YES_ERROR;
				GCC_WARN_UNDECLARED_SELECTOR = YES;
				GCC_WARN_UNINITIALIZED_AUTOS = YES_AGGRESSIVE;
				GCC_WARN_UNUSED_FUNCTION = YES;
				GCC_WARN_UNUSED_VARIABLE = YES;
				IPHONEOS_DEPLOYMENT_TARGET = 13.2;
				MTL_ENABLE_DEBUG_INFO = NO;
				MTL_FAST_MATH = YES;
				SDKROOT = iphoneos;
				SWIFT_COMPILATION_MODE = wholemodule;
				SWIFT_OPTIMIZATION_LEVEL = "-O";
				VALIDATE_PRODUCT = YES;
			};
			name = Release;
		};
		E152979C24009C5A00864377 /* Debug */ = {
			isa = XCBuildConfiguration;
			buildSettings = {
				ASSETCATALOG_COMPILER_APPICON_NAME = AppIcon;
				CODE_SIGN_STYLE = Automatic;
				DEVELOPMENT_ASSET_PATHS = "\"Watch Party/Preview Content\"";
				DEVELOPMENT_TEAM = 8H42K56829;
				ENABLE_PREVIEWS = YES;
				INFOPLIST_FILE = "Watch Party/Info.plist";
				LD_RUNPATH_SEARCH_PATHS = (
					"$(inherited)",
					"@executable_path/Frameworks",
				);
				PRODUCT_BUNDLE_IDENTIFIER = "co.EricBates.Watch-Party";
				PRODUCT_NAME = "$(TARGET_NAME)";
				SWIFT_VERSION = 5.0;
				TARGETED_DEVICE_FAMILY = "1,2";
			};
			name = Debug;
		};
		E152979D24009C5A00864377 /* Release */ = {
			isa = XCBuildConfiguration;
			buildSettings = {
				ASSETCATALOG_COMPILER_APPICON_NAME = AppIcon;
				CODE_SIGN_STYLE = Automatic;
				DEVELOPMENT_ASSET_PATHS = "\"Watch Party/Preview Content\"";
				DEVELOPMENT_TEAM = 8H42K56829;
				ENABLE_PREVIEWS = YES;
				INFOPLIST_FILE = "Watch Party/Info.plist";
				LD_RUNPATH_SEARCH_PATHS = (
					"$(inherited)",
					"@executable_path/Frameworks",
				);
				PRODUCT_BUNDLE_IDENTIFIER = "co.EricBates.Watch-Party";
				PRODUCT_NAME = "$(TARGET_NAME)";
				SWIFT_VERSION = 5.0;
				TARGETED_DEVICE_FAMILY = "1,2";
			};
			name = Release;
		};
/* End XCBuildConfiguration section */

/* Begin XCConfigurationList section */
		E152978224009C5900864377 /* Build configuration list for PBXProject "Watch Party" */ = {
			isa = XCConfigurationList;
			buildConfigurations = (
				E152979924009C5A00864377 /* Debug */,
				E152979A24009C5A00864377 /* Release */,
			);
			defaultConfigurationIsVisible = 0;
			defaultConfigurationName = Release;
		};
		E152979B24009C5A00864377 /* Build configuration list for PBXNativeTarget "Watch Party" */ = {
			isa = XCConfigurationList;
			buildConfigurations = (
				E152979C24009C5A00864377 /* Debug */,
				E152979D24009C5A00864377 /* Release */,
			);
			defaultConfigurationIsVisible = 0;
			defaultConfigurationName = Release;
		};
/* End XCConfigurationList section */
	};
	rootObject = E152977F24009C5900864377 /* Project object */;
}
